
Microsoft Visual Studio Solution File, Format Version 12.00
# Visual Studio Version 16
VisualStudioVersion = 16.0.30907.101
MinimumVisualStudioVersion = 10.0.40219.1
Project("{9A19103F-16F7-4668-BE54-9A1E7A4F7556}") = "Prva", "WebApplication1\Prva.csproj", "{B5D9C625-C75E-4DE9-99A5-9EA850AA4C1E}"
EndProject
Project("{9A19103F-16F7-4668-BE54-9A1E7A4F7556}") = "MVC2021", "MVC2021\MVC2021.csproj", "{AEB58F7D-21B0-4D48-888A-18BC0DDF8F83}"
EndProject
Project("{FAE04EC0-301F-11D3-BF4B-00C04F79EFBC}") = "WebFormsPrimjer", "WebFormsPrimjer\WebFormsPrimjer.csproj", "{22A80D2E-5816-4E2F-844C-6FE602D2D3DD}"
EndProject
Project("{FAE04EC0-301F-11D3-BF4B-00C04F79EFBC}") = "PozdravSvijete", "PozdravSvijete\PozdravSvijete.csproj", "{16323FE0-28F5-4C33-B239-A1C72BE5C614}"
EndProject
Project("{FAE04EC0-301F-11D3-BF4B-00C04F79EFBC}") = "KontroleriAkcije", "KontroleriAkcije\KontroleriAkcije.csproj", "{5A8592F8-D481-4932-A315-3B681DE84C38}"
EndProject
Project("{FAE04EC0-301F-11D3-BF4B-00C04F79EFBC}") = "Modeli", "Modeli\Modeli.csproj", "{61CF0BC4-8849-4576-AA49-DFCB437C8646}"
EndProject
Project("{FAE04EC0-301F-11D3-BF4B-00C04F79EFBC}") = "Pogledi", "Pogledi\Pogledi.csproj", "{6DE318A4-F17E-46A2-B9BC-C6CA8F06F32A}"
EndProject
Project("{FAE04EC0-301F-11D3-BF4B-00C04F79EFBC}") = "2_1_vj", "2_1_vj\2_1_vj.csproj", "{1635861A-378E-4D8B-9940-81B76FCD3D41}"
EndProject
Project("{FAE04EC0-301F-11D3-BF4B-00C04F79EFBC}") = "3_1_vj", "3_1_vj\3_1_vj.csproj", "{5171FA65-2821-4117-9DBA-7894410B531E}"
EndProject
Project("{9A19103F-16F7-4668-BE54-9A1E7A4F7556}") = "RazorPagesMovie", "RazorPagesMovie\RazorPagesMovie.csproj", "{F06D9F55-C6A7-44AD-8125-DC8EC75E41FE}"
EndProject
Project("{2150E333-8FDC-42A3-9474-1A3956D46DE8}") = "MS Framework projekti", "MS Framework projekti", "{95510F56-44C7-403B-A02A-C6B81AF1BE33}"
EndProject
Project("{9A19103F-16F7-4668-BE54-9A1E7A4F7556}") = "MvcMovie", "MvcMovie\MvcMovie.csproj", "{AA59BCA5-B8FF-47CD-99BD-11DF3B36ECC7}"
EndProject
Project("{FAE04EC0-301F-11D3-BF4B-00C04F79EFBC}") = "Fakultet", "Fakultet\Fakultet.csproj", "{B1C316DD-0A37-461B-A0F6-A26C7079B62E}"
EndProject
Global
	GlobalSection(SolutionConfigurationPlatforms) = preSolution
		Debug|Any CPU = Debug|Any CPU
		Release|Any CPU = Release|Any CPU
	EndGlobalSection
	GlobalSection(ProjectConfigurationPlatforms) = postSolution
		{B5D9C625-C75E-4DE9-99A5-9EA850AA4C1E}.Debug|Any CPU.ActiveCfg = Debug|Any CPU
		{B5D9C625-C75E-4DE9-99A5-9EA850AA4C1E}.Debug|Any CPU.Build.0 = Debug|Any CPU
		{B5D9C625-C75E-4DE9-99A5-9EA850AA4C1E}.Release|Any CPU.ActiveCfg = Release|Any CPU
		{B5D9C625-C75E-4DE9-99A5-9EA850AA4C1E}.Release|Any CPU.Build.0 = Release|Any CPU
		{AEB58F7D-21B0-4D48-888A-18BC0DDF8F83}.Debug|Any CPU.ActiveCfg = Debug|Any CPU
		{AEB58F7D-21B0-4D48-888A-18BC0DDF8F83}.Debug|Any CPU.Build.0 = Debug|Any CPU
		{AEB58F7D-21B0-4D48-888A-18BC0DDF8F83}.Release|Any CPU.ActiveCfg = Release|Any CPU
		{AEB58F7D-21B0-4D48-888A-18BC0DDF8F83}.Release|Any CPU.Build.0 = Release|Any CPU
		{22A80D2E-5816-4E2F-844C-6FE602D2D3DD}.Debug|Any CPU.ActiveCfg = Debug|Any CPU
		{22A80D2E-5816-4E2F-844C-6FE602D2D3DD}.Debug|Any CPU.Build.0 = Debug|Any CPU
		{22A80D2E-5816-4E2F-844C-6FE602D2D3DD}.Release|Any CPU.ActiveCfg = Release|Any CPU
		{22A80D2E-5816-4E2F-844C-6FE602D2D3DD}.Release|Any CPU.Build.0 = Release|Any CPU
		{16323FE0-28F5-4C33-B239-A1C72BE5C614}.Debug|Any CPU.ActiveCfg = Debug|Any CPU
		{16323FE0-28F5-4C33-B239-A1C72BE5C614}.Debug|Any CPU.Build.0 = Debug|Any CPU
		{16323FE0-28F5-4C33-B239-A1C72BE5C614}.Release|Any CPU.ActiveCfg = Release|Any CPU
		{16323FE0-28F5-4C33-B239-A1C72BE5C614}.Release|Any CPU.Build.0 = Release|Any CPU
		{5A8592F8-D481-4932-A315-3B681DE84C38}.Debug|Any CPU.ActiveCfg = Debug|Any CPU
		{5A8592F8-D481-4932-A315-3B681DE84C38}.Debug|Any CPU.Build.0 = Debug|Any CPU
		{5A8592F8-D481-4932-A315-3B681DE84C38}.Release|Any CPU.ActiveCfg = Release|Any CPU
		{5A8592F8-D481-4932-A315-3B681DE84C38}.Release|Any CPU.Build.0 = Release|Any CPU
		{61CF0BC4-8849-4576-AA49-DFCB437C8646}.Debug|Any CPU.ActiveCfg = Debug|Any CPU
		{61CF0BC4-8849-4576-AA49-DFCB437C8646}.Debug|Any CPU.Build.0 = Debug|Any CPU
		{61CF0BC4-8849-4576-AA49-DFCB437C8646}.Release|Any CPU.ActiveCfg = Release|Any CPU
		{61CF0BC4-8849-4576-AA49-DFCB437C8646}.Release|Any CPU.Build.0 = Release|Any CPU
		{6DE318A4-F17E-46A2-B9BC-C6CA8F06F32A}.Debug|Any CPU.ActiveCfg = Debug|Any CPU
		{6DE318A4-F17E-46A2-B9BC-C6CA8F06F32A}.Debug|Any CPU.Build.0 = Debug|Any CPU
		{6DE318A4-F17E-46A2-B9BC-C6CA8F06F32A}.Release|Any CPU.ActiveCfg = Release|Any CPU
		{6DE318A4-F17E-46A2-B9BC-C6CA8F06F32A}.Release|Any CPU.Build.0 = Release|Any CPU
		{1635861A-378E-4D8B-9940-81B76FCD3D41}.Debug|Any CPU.ActiveCfg = Debug|Any CPU
		{1635861A-378E-4D8B-9940-81B76FCD3D41}.Debug|Any CPU.Build.0 = Debug|Any CPU
		{1635861A-378E-4D8B-9940-81B76FCD3D41}.Release|Any CPU.ActiveCfg = Release|Any CPU
		{1635861A-378E-4D8B-9940-81B76FCD3D41}.Release|Any CPU.Build.0 = Release|Any CPU
		{5171FA65-2821-4117-9DBA-7894410B531E}.Debug|Any CPU.ActiveCfg = Debug|Any CPU
		{5171FA65-2821-4117-9DBA-7894410B531E}.Debug|Any CPU.Build.0 = Debug|Any CPU
		{5171FA65-2821-4117-9DBA-7894410B531E}.Release|Any CPU.ActiveCfg = Release|Any CPU
		{5171FA65-2821-4117-9DBA-7894410B531E}.Release|Any CPU.Build.0 = Release|Any CPU
		{F06D9F55-C6A7-44AD-8125-DC8EC75E41FE}.Debug|Any CPU.ActiveCfg = Debug|Any CPU
		{F06D9F55-C6A7-44AD-8125-DC8EC75E41FE}.Debug|Any CPU.Build.0 = Debug|Any CPU
		{F06D9F55-C6A7-44AD-8125-DC8EC75E41FE}.Release|Any CPU.ActiveCfg = Release|Any CPU
		{F06D9F55-C6A7-44AD-8125-DC8EC75E41FE}.Release|Any CPU.Build.0 = Release|Any CPU
		{AA59BCA5-B8FF-47CD-99BD-11DF3B36ECC7}.Debug|Any CPU.ActiveCfg = Debug|Any CPU
		{AA59BCA5-B8FF-47CD-99BD-11DF3B36ECC7}.Debug|Any CPU.Build.0 = Debug|Any CPU
		{AA59BCA5-B8FF-47CD-99BD-11DF3B36ECC7}.Release|Any CPU.ActiveCfg = Release|Any CPU
		{AA59BCA5-B8FF-47CD-99BD-11DF3B36ECC7}.Release|Any CPU.Build.0 = Release|Any CPU
		{B1C316DD-0A37-461B-A0F6-A26C7079B62E}.Debug|Any CPU.ActiveCfg = Debug|Any CPU
		{B1C316DD-0A37-461B-A0F6-A26C7079B62E}.Debug|Any CPU.Build.0 = Debug|Any CPU
		{B1C316DD-0A37-461B-A0F6-A26C7079B62E}.Release|Any CPU.ActiveCfg = Release|Any CPU
		{B1C316DD-0A37-461B-A0F6-A26C7079B62E}.Release|Any CPU.Build.0 = Release|Any CPU
	EndGlobalSection
	GlobalSection(SolutionProperties) = preSolution
		HideSolutionNode = FALSE
	EndGlobalSection
	GlobalSection(NestedProjects) = preSolution
		{22A80D2E-5816-4E2F-844C-6FE602D2D3DD} = {95510F56-44C7-403B-A02A-C6B81AF1BE33}
		{16323FE0-28F5-4C33-B239-A1C72BE5C614} = {95510F56-44C7-403B-A02A-C6B81AF1BE33}
		{5A8592F8-D481-4932-A315-3B681DE84C38} = {95510F56-44C7-403B-A02A-C6B81AF1BE33}
		{61CF0BC4-8849-4576-AA49-DFCB437C8646} = {95510F56-44C7-403B-A02A-C6B81AF1BE33}
		{6DE318A4-F17E-46A2-B9BC-C6CA8F06F32A} = {95510F56-44C7-403B-A02A-C6B81AF1BE33}
		{1635861A-378E-4D8B-9940-81B76FCD3D41} = {95510F56-44C7-403B-A02A-C6B81AF1BE33}
		{5171FA65-2821-4117-9DBA-7894410B531E} = {95510F56-44C7-403B-A02A-C6B81AF1BE33}
	EndGlobalSection
	GlobalSection(ExtensibilityGlobals) = postSolution
		SolutionGuid = {37C4996A-191B-4979-9A0D-05BD2B6D2DD7}
	EndGlobalSection
EndGlobal
