
Microsoft Visual Studio Solution File, Format Version 12.00
# Visual Studio Version 16
VisualStudioVersion = 16.0.30717.126
MinimumVisualStudioVersion = 10.0.40219.1
Project("{9A19103F-16F7-4668-BE54-9A1E7A4F7556}") = "7.1.1. Zbroj", "..\7.1.1. Zbroj\7.1.1. Zbroj.csproj", "{E33DE467-1233-49F4-B78F-EF5EE133B68C}"
EndProject
Project("{9A19103F-16F7-4668-BE54-9A1E7A4F7556}") = "7.1.2 Hipotenuza", "7.1.2 Hipotenuza\7.1.2 Hipotenuza.csproj", "{D36239DA-D54F-433F-AF0C-04EAC7BB92AB}"
EndProject
Project("{9A19103F-16F7-4668-BE54-9A1E7A4F7556}") = "7.2.1 Krug", "..\7.2.1 Krug\7.2.1 Krug.csproj", "{6C86F819-D82A-4F64-8F9B-6F2FD4F80213}"
EndProject
Project("{9A19103F-16F7-4668-BE54-9A1E7A4F7556}") = "7.2.2 Jednakokračan trokut", "7.2.2 Jednakokračan trokut\7.2.2 Jednakokračan trokut.csproj", "{E069C8FC-9E29-420D-B5FF-0A9528BD2602}"
EndProject
Project("{9A19103F-16F7-4668-BE54-9A1E7A4F7556}") = "7.2.3 KS u KW", "7.2.3 KS u KW\7.2.3 KS u KW.csproj", "{80BDC34E-1644-42A5-900B-46FD0FF0B3B9}"
EndProject
Project("{9A19103F-16F7-4668-BE54-9A1E7A4F7556}") = "7.2.4 Celzij u Fahrenheit", "7.2.4 Celzij u Fahrenheit\7.2.4 Celzij u Fahrenheit.csproj", "{9EEDBD71-6E62-4BC3-8BA6-908C1C281E9B}"
EndProject
Project("{9A19103F-16F7-4668-BE54-9A1E7A4F7556}") = "7.2.5 Udaljenost", "7.2.5 Udaljenost\7.2.5 Udaljenost.csproj", "{7CF1F1B7-F96F-40DB-9F18-C3F00C44320E}"
EndProject
Project("{9A19103F-16F7-4668-BE54-9A1E7A4F7556}") = "7.2.6 Prost broj", "7.2.6 Prost broj\7.2.6 Prost broj.csproj", "{A2BA2BCB-C184-4557-A44F-D72F0E8AB3AC}"
EndProject
Project("{9A19103F-16F7-4668-BE54-9A1E7A4F7556}") = "7.2.8 Faktorijel", "7.2.8 Faktorijel\7.2.8 Faktorijel.csproj", "{18A2BB99-D123-4A38-959F-B2208271B0ED}"
EndProject
Project("{9A19103F-16F7-4668-BE54-9A1E7A4F7556}") = "7.2.9 Prosjek", "7.2.9 Prosjek\7.2.9 Prosjek.csproj", "{A548C42E-05A1-40B6-BE99-CD8E5770A693}"
EndProject
Project("{9A19103F-16F7-4668-BE54-9A1E7A4F7556}") = "7.2.10 Ukupna cijena", "7.2.10 Ukupna cijena\7.2.10 Ukupna cijena.csproj", "{EB90D0A7-96A4-42D5-88E9-97B757C0EEA9}"
EndProject
Project("{9A19103F-16F7-4668-BE54-9A1E7A4F7556}") = "7.2.10.1 Ukupna cijena", "7.2.10.1 Ukupna cijena\7.2.10.1 Ukupna cijena.csproj", "{DD8446D4-167B-4906-8E82-2CC9457C555D}"
EndProject
Project("{9A19103F-16F7-4668-BE54-9A1E7A4F7556}") = "7.2.11 Parni i neparni", "7.2.11 Parni i neparni\7.2.11 Parni i neparni.csproj", "{CEE449A6-B737-409D-A52F-6101F7670DF8}"
EndProject
Project("{9A19103F-16F7-4668-BE54-9A1E7A4F7556}") = "8.1.1 Proizvod", "8.1.1 Proizvod\8.1.1 Proizvod.csproj", "{BE9388B3-9AEF-4C80-A38B-A40087CCCDD4}"
EndProject
Project("{9A19103F-16F7-4668-BE54-9A1E7A4F7556}") = "8.1.2 Automobil", "8.1.2 Automobil\8.1.2 Automobil.csproj", "{4B189522-7584-426C-8AEE-37BA21ADA5FA}"
EndProject
Project("{9A19103F-16F7-4668-BE54-9A1E7A4F7556}") = "8.1.3 Zaposlenik", "8.1.3 Zaposlenik\8.1.3 Zaposlenik.csproj", "{0F701462-0C03-492F-B054-C3FEB262AC7B}"
EndProject
Project("{9A19103F-16F7-4668-BE54-9A1E7A4F7556}") = "Zadatak_2_Kolac", "Zadatak_2_Kolac\Zadatak_2_Kolac.csproj", "{D1BA6964-61BE-4DAA-A36B-872B3AE59AE1}"
EndProject
Project("{9A19103F-16F7-4668-BE54-9A1E7A4F7556}") = "8.2.1 Static", "8.2.1 Static\8.2.1 Static.csproj", "{7536C66B-BB7A-476A-9391-66F6A8A29066}"
EndProject
Project("{9A19103F-16F7-4668-BE54-9A1E7A4F7556}") = "8.2.2 Static i instanca", "8.2.2 Static i instanca\8.2.2 Static i instanca.csproj", "{00C90CB3-FA50-4EBC-986B-9752A9730451}"
EndProject
Project("{9A19103F-16F7-4668-BE54-9A1E7A4F7556}") = "8.3.1 Vozila", "8.3.1 Vozila\8.3.1 Vozila.csproj", "{864F130C-7E99-416F-8E3F-693A47572EC4}"
EndProject
Project("{9A19103F-16F7-4668-BE54-9A1E7A4F7556}") = "Primjer 8.3.1 Naljedjivanje", "..\..\..\..\Radna površina\C# Projects\HelloWorld\Primjer 8.3.1 Naljedjivanje\Primjer 8.3.1 Naljedjivanje.csproj", "{0F760F2F-ADB8-4BEC-8B2D-77174AD7A371}"
EndProject
Project("{9A19103F-16F7-4668-BE54-9A1E7A4F7556}") = "Primjer 8.5.1 Dogadjaji", "Primjer 8.5.1 Dogadjaji\Primjer 8.5.1 Dogadjaji.csproj", "{7A7B207E-C7E1-4243-87C3-FB1DA62283C7}"
EndProject
Project("{9A19103F-16F7-4668-BE54-9A1E7A4F7556}") = "8.3.2 Proizvod (Događaji)", "8.3.2 Proizvod (Događaji)\8.3.2 Proizvod (Događaji).csproj", "{EC555A81-FC1B-4944-BB1B-CE20DBFE567E}"
EndProject
Project("{9A19103F-16F7-4668-BE54-9A1E7A4F7556}") = "8.(1) Događaj osoba", "8.(1) Događaj osoba\8.(1) Događaj osoba.csproj", "{4F6C50F9-44A3-4386-A417-B59AB212EF31}"
EndProject
Project("{9A19103F-16F7-4668-BE54-9A1E7A4F7556}") = "11.2 Primjer LINQ", "11.2 Primjer LINQ\11.2 Primjer LINQ.csproj", "{D5BE434C-3FF5-4CD1-B163-77BF0D7E123E}"
EndProject
Project("{9A19103F-16F7-4668-BE54-9A1E7A4F7556}") = "Primjer 9. Stringovi", "Primjer 9. Stringovi\Primjer 9. Stringovi.csproj", "{2C380B90-E427-4AD9-801A-F831F615BAD1}"
EndProject
Project("{9A19103F-16F7-4668-BE54-9A1E7A4F7556}") = "Primjer 10. Datoteke", "Primjer 10. Datoteke\Primjer 10. Datoteke.csproj", "{AC5EFF4A-5396-4C1A-A661-57D2F02DEE60}"
EndProject
Project("{9A19103F-16F7-4668-BE54-9A1E7A4F7556}") = "Primjer 10.2 Datoteke", "Primjer 10.2 Datoteke\Primjer 10.2 Datoteke.csproj", "{58A0CBB1-8174-487D-BA92-41C74666483C}"
EndProject
Project("{2150E333-8FDC-42A3-9474-1A3956D46DE8}") = "7. poglavlje", "7. poglavlje", "{29625ECA-EB5B-4BBB-B5A6-4E8072741304}"
EndProject
Project("{2150E333-8FDC-42A3-9474-1A3956D46DE8}") = "8. poglavlje", "8. poglavlje", "{D46FC20C-F416-4214-9673-48A8C9ABE537}"
EndProject
Project("{9A19103F-16F7-4668-BE54-9A1E7A4F7556}") = "9.1.1 Znak u rečenici", "9.1.1 Znak u rečenici\9.1.1 Znak u rečenici.csproj", "{8B0B22DE-CDED-4E66-9888-8EACEDEEA084}"
EndProject
Project("{9A19103F-16F7-4668-BE54-9A1E7A4F7556}") = "9.1.2 Riječ u rečenici", "9.1.2 Riječ u rečenici\9.1.2 Riječ u rečenici.csproj", "{B8310A17-BAA0-441F-83F1-8CBBB8380C61}"
EndProject
Project("{9A19103F-16F7-4668-BE54-9A1E7A4F7556}") = "9.1.3 Riječi u novi red", "9.1.3 Riječi u novi red\9.1.3 Riječi u novi red.csproj", "{91B8B3FC-DAA7-4404-9F75-62349AE326EB}"
EndProject
Project("{9A19103F-16F7-4668-BE54-9A1E7A4F7556}") = "9.1.4 Brojanje riječi", "9.1.4 Brojanje riječi\9.1.4 Brojanje riječi.csproj", "{0C430B68-7F4A-47F5-BE8F-EA2A4EFA03E3}"
EndProject
Project("{9A19103F-16F7-4668-BE54-9A1E7A4F7556}") = "9.1.5 Koliko puta se ponavlja riječ", "9.1.5 Koliko puta se ponavlja riječ\9.1.5 Koliko puta se ponavlja riječ.csproj", "{A572B762-3214-4B35-BEB9-6B86E2CC8F15}"
EndProject
Project("{9A19103F-16F7-4668-BE54-9A1E7A4F7556}") = "9.1.6 Palindrom", "9.1.6 Palindrom\9.1.6 Palindrom.csproj", "{3A2350E9-8ADC-4FF4-B25D-361F3630C5FE}"
EndProject
Project("{2150E333-8FDC-42A3-9474-1A3956D46DE8}") = "9. poglavlje", "9. poglavlje", "{2F6B450F-3316-44FE-A756-E65471E13F9D}"
EndProject
Project("{9A19103F-16F7-4668-BE54-9A1E7A4F7556}") = "10.1.1 Parni", "10.1.1 Parni\10.1.1 Parni.csproj", "{2D8FE9D6-3206-4F55-9A8D-DD259A251304}"
EndProject
Project("{9A19103F-16F7-4668-BE54-9A1E7A4F7556}") = "10.1.2 3-7", "10.1.2 3-7\10.1.2 3-7.csproj", "{8899C4BA-1F6C-46D6-AC57-E01BA2475CA4}"
EndProject
Project("{9A19103F-16F7-4668-BE54-9A1E7A4F7556}") = "10.1.3 Par-Nepar", "10.1.3 Par-Nepar\10.1.3 Par-Nepar.csproj", "{A01E6E44-5ECC-4B3B-BB19-18CC59426491}"
EndProject
Project("{9A19103F-16F7-4668-BE54-9A1E7A4F7556}") = "10.1.4 Dir", "10.1.4 Dir\10.1.4 Dir.csproj", "{89928F2F-30BC-448F-A2F5-955B03C92D1E}"
EndProject
Project("{9A19103F-16F7-4668-BE54-9A1E7A4F7556}") = "10.1.5 Directory Info", "10.1.5 Directory Info\10.1.5 Directory Info.csproj", "{F109A370-B129-4372-BF40-765082801AF6}"
EndProject
Project("{9A19103F-16F7-4668-BE54-9A1E7A4F7556}") = "10.1.6 Directory Tree", "10.1.6 Directory Tree\10.1.6 Directory Tree.csproj", "{DE8A2CDA-C3A1-4967-80D3-3542EDA4ED33}"
EndProject
Project("{2150E333-8FDC-42A3-9474-1A3956D46DE8}") = "10. poglavlje", "10. poglavlje", "{704DD1D4-238C-432B-9661-65DAF3CB1BD4}"
EndProject
Project("{9A19103F-16F7-4668-BE54-9A1E7A4F7556}") = "11.1.1 Imena", "11.1.1 Imena\11.1.1 Imena.csproj", "{B96C2CE0-3423-41DF-BD78-606480D72AE8}"
EndProject
Project("{9A19103F-16F7-4668-BE54-9A1E7A4F7556}") = "11.1.2 Prvi direktorij", "11.1.2 Prvi direktorij\11.1.2 Prvi direktorij.csproj", "{F323E4C8-7640-45E9-8057-40729943740F}"
EndProject
Project("{9A19103F-16F7-4668-BE54-9A1E7A4F7556}") = "11.1.4 Brojevi", "11.1.4 Brojevi\11.1.4 Brojevi.csproj", "{624F750E-F77D-41BE-A958-85D966F8C170}"
EndProject
Project("{2150E333-8FDC-42A3-9474-1A3956D46DE8}") = "11. poglavlje", "11. poglavlje", "{66EA4BE3-5957-4786-8CF7-5D82C472A0C5}"
EndProject
Project("{2150E333-8FDC-42A3-9474-1A3956D46DE8}") = "Ostalo", "Ostalo", "{01171B73-6B3F-4CF4-B652-AE797C481EC5}"
EndProject
Project("{9A19103F-16F7-4668-BE54-9A1E7A4F7556}") = "11.1.3 Automobili", "11.1.3 Automobili\11.1.3 Automobili.csproj", "{57F01B7D-9FAD-411C-B477-16CB98D07DFA}"
EndProject
Project("{2150E333-8FDC-42A3-9474-1A3956D46DE8}") = "12. poglavlje", "12. poglavlje", "{C946561E-07BC-499D-BD98-434567F947C3}"
EndProject
Project("{9A19103F-16F7-4668-BE54-9A1E7A4F7556}") = "Primjer 11.1.1 Uspoređivanje datuma", "Primjer 12.1.1 Uspoređivanje datuma\Primjer 11.1.1 Uspoređivanje datuma.csproj", "{BCCFE1B8-2DF7-4EA3-9932-B3311E542E6E}"
EndProject
Project("{9A19103F-16F7-4668-BE54-9A1E7A4F7556}") = "Primjer 11.2.1", "Primjer 11.2.1\Primjer 11.2.1.csproj", "{65C4508F-D34A-4BF9-BC91-38D05112559D}"
EndProject
Project("{9A19103F-16F7-4668-BE54-9A1E7A4F7556}") = "Primjer 11.2.2", "Primjer 11.2.2\Primjer 11.2.2.csproj", "{7C399801-26CB-4279-8B40-C8606D5B4004}"
EndProject
Project("{2150E333-8FDC-42A3-9474-1A3956D46DE8}") = "13. poglavlje", "13. poglavlje", "{3841DFBF-61C8-4A9D-B610-9F1321ACDF71}"
EndProject
Project("{9A19103F-16F7-4668-BE54-9A1E7A4F7556}") = "13.1", "13.1\13.1.csproj", "{C14FB793-4188-445A-8A44-5DFBAD8F0326}"
EndProject
Project("{FAE04EC0-301F-11D3-BF4B-00C04F79EFBC}") = "11.1.1 Rođendan", "12.1.1 Rođendan\11.1.1 Rođendan.csproj", "{07562E6B-5A31-47CB-B9D8-FEB0BCF421B9}"
EndProject
Project("{FAE04EC0-301F-11D3-BF4B-00C04F79EFBC}") = "12.1.2 Štoperica", "12.1.2 Štoperica\12.1.2 Štoperica.csproj", "{C43EF223-D7DE-439B-A4F9-25C4B562E5C7}"
EndProject
Project("{FAE04EC0-301F-11D3-BF4B-00C04F79EFBC}") = "13.1.1 Osobe i životinje", "13.1.1 Osobe i životinje\13.1.1 Osobe i životinje.csproj", "{E8569C60-AE8B-400F-A72A-C3A4CF4D920C}"
EndProject
Global
	GlobalSection(SolutionConfigurationPlatforms) = preSolution
		Debug|Any CPU = Debug|Any CPU
		Release|Any CPU = Release|Any CPU
	EndGlobalSection
	GlobalSection(ProjectConfigurationPlatforms) = postSolution
		{E33DE467-1233-49F4-B78F-EF5EE133B68C}.Debug|Any CPU.ActiveCfg = Debug|Any CPU
		{E33DE467-1233-49F4-B78F-EF5EE133B68C}.Debug|Any CPU.Build.0 = Debug|Any CPU
		{E33DE467-1233-49F4-B78F-EF5EE133B68C}.Release|Any CPU.ActiveCfg = Release|Any CPU
		{E33DE467-1233-49F4-B78F-EF5EE133B68C}.Release|Any CPU.Build.0 = Release|Any CPU
		{D36239DA-D54F-433F-AF0C-04EAC7BB92AB}.Debug|Any CPU.ActiveCfg = Debug|Any CPU
		{D36239DA-D54F-433F-AF0C-04EAC7BB92AB}.Debug|Any CPU.Build.0 = Debug|Any CPU
		{D36239DA-D54F-433F-AF0C-04EAC7BB92AB}.Release|Any CPU.ActiveCfg = Release|Any CPU
		{D36239DA-D54F-433F-AF0C-04EAC7BB92AB}.Release|Any CPU.Build.0 = Release|Any CPU
		{6C86F819-D82A-4F64-8F9B-6F2FD4F80213}.Debug|Any CPU.ActiveCfg = Debug|Any CPU
		{6C86F819-D82A-4F64-8F9B-6F2FD4F80213}.Debug|Any CPU.Build.0 = Debug|Any CPU
		{6C86F819-D82A-4F64-8F9B-6F2FD4F80213}.Release|Any CPU.ActiveCfg = Release|Any CPU
		{6C86F819-D82A-4F64-8F9B-6F2FD4F80213}.Release|Any CPU.Build.0 = Release|Any CPU
		{E069C8FC-9E29-420D-B5FF-0A9528BD2602}.Debug|Any CPU.ActiveCfg = Debug|Any CPU
		{E069C8FC-9E29-420D-B5FF-0A9528BD2602}.Debug|Any CPU.Build.0 = Debug|Any CPU
		{E069C8FC-9E29-420D-B5FF-0A9528BD2602}.Release|Any CPU.ActiveCfg = Release|Any CPU
		{E069C8FC-9E29-420D-B5FF-0A9528BD2602}.Release|Any CPU.Build.0 = Release|Any CPU
		{80BDC34E-1644-42A5-900B-46FD0FF0B3B9}.Debug|Any CPU.ActiveCfg = Debug|Any CPU
		{80BDC34E-1644-42A5-900B-46FD0FF0B3B9}.Debug|Any CPU.Build.0 = Debug|Any CPU
		{80BDC34E-1644-42A5-900B-46FD0FF0B3B9}.Release|Any CPU.ActiveCfg = Release|Any CPU
		{80BDC34E-1644-42A5-900B-46FD0FF0B3B9}.Release|Any CPU.Build.0 = Release|Any CPU
		{9EEDBD71-6E62-4BC3-8BA6-908C1C281E9B}.Debug|Any CPU.ActiveCfg = Debug|Any CPU
		{9EEDBD71-6E62-4BC3-8BA6-908C1C281E9B}.Debug|Any CPU.Build.0 = Debug|Any CPU
		{9EEDBD71-6E62-4BC3-8BA6-908C1C281E9B}.Release|Any CPU.ActiveCfg = Release|Any CPU
		{9EEDBD71-6E62-4BC3-8BA6-908C1C281E9B}.Release|Any CPU.Build.0 = Release|Any CPU
		{7CF1F1B7-F96F-40DB-9F18-C3F00C44320E}.Debug|Any CPU.ActiveCfg = Debug|Any CPU
		{7CF1F1B7-F96F-40DB-9F18-C3F00C44320E}.Debug|Any CPU.Build.0 = Debug|Any CPU
		{7CF1F1B7-F96F-40DB-9F18-C3F00C44320E}.Release|Any CPU.ActiveCfg = Release|Any CPU
		{7CF1F1B7-F96F-40DB-9F18-C3F00C44320E}.Release|Any CPU.Build.0 = Release|Any CPU
		{A2BA2BCB-C184-4557-A44F-D72F0E8AB3AC}.Debug|Any CPU.ActiveCfg = Debug|Any CPU
		{A2BA2BCB-C184-4557-A44F-D72F0E8AB3AC}.Debug|Any CPU.Build.0 = Debug|Any CPU
		{A2BA2BCB-C184-4557-A44F-D72F0E8AB3AC}.Release|Any CPU.ActiveCfg = Release|Any CPU
		{A2BA2BCB-C184-4557-A44F-D72F0E8AB3AC}.Release|Any CPU.Build.0 = Release|Any CPU
		{18A2BB99-D123-4A38-959F-B2208271B0ED}.Debug|Any CPU.ActiveCfg = Debug|Any CPU
		{18A2BB99-D123-4A38-959F-B2208271B0ED}.Debug|Any CPU.Build.0 = Debug|Any CPU
		{18A2BB99-D123-4A38-959F-B2208271B0ED}.Release|Any CPU.ActiveCfg = Release|Any CPU
		{18A2BB99-D123-4A38-959F-B2208271B0ED}.Release|Any CPU.Build.0 = Release|Any CPU
		{A548C42E-05A1-40B6-BE99-CD8E5770A693}.Debug|Any CPU.ActiveCfg = Debug|Any CPU
		{A548C42E-05A1-40B6-BE99-CD8E5770A693}.Debug|Any CPU.Build.0 = Debug|Any CPU
		{A548C42E-05A1-40B6-BE99-CD8E5770A693}.Release|Any CPU.ActiveCfg = Release|Any CPU
		{A548C42E-05A1-40B6-BE99-CD8E5770A693}.Release|Any CPU.Build.0 = Release|Any CPU
		{EB90D0A7-96A4-42D5-88E9-97B757C0EEA9}.Debug|Any CPU.ActiveCfg = Debug|Any CPU
		{EB90D0A7-96A4-42D5-88E9-97B757C0EEA9}.Debug|Any CPU.Build.0 = Debug|Any CPU
		{EB90D0A7-96A4-42D5-88E9-97B757C0EEA9}.Release|Any CPU.ActiveCfg = Release|Any CPU
		{EB90D0A7-96A4-42D5-88E9-97B757C0EEA9}.Release|Any CPU.Build.0 = Release|Any CPU
		{DD8446D4-167B-4906-8E82-2CC9457C555D}.Debug|Any CPU.ActiveCfg = Debug|Any CPU
		{DD8446D4-167B-4906-8E82-2CC9457C555D}.Debug|Any CPU.Build.0 = Debug|Any CPU
		{DD8446D4-167B-4906-8E82-2CC9457C555D}.Release|Any CPU.ActiveCfg = Release|Any CPU
		{DD8446D4-167B-4906-8E82-2CC9457C555D}.Release|Any CPU.Build.0 = Release|Any CPU
		{CEE449A6-B737-409D-A52F-6101F7670DF8}.Debug|Any CPU.ActiveCfg = Debug|Any CPU
		{CEE449A6-B737-409D-A52F-6101F7670DF8}.Debug|Any CPU.Build.0 = Debug|Any CPU
		{CEE449A6-B737-409D-A52F-6101F7670DF8}.Release|Any CPU.ActiveCfg = Release|Any CPU
		{CEE449A6-B737-409D-A52F-6101F7670DF8}.Release|Any CPU.Build.0 = Release|Any CPU
		{BE9388B3-9AEF-4C80-A38B-A40087CCCDD4}.Debug|Any CPU.ActiveCfg = Debug|Any CPU
		{BE9388B3-9AEF-4C80-A38B-A40087CCCDD4}.Debug|Any CPU.Build.0 = Debug|Any CPU
		{BE9388B3-9AEF-4C80-A38B-A40087CCCDD4}.Release|Any CPU.ActiveCfg = Release|Any CPU
		{BE9388B3-9AEF-4C80-A38B-A40087CCCDD4}.Release|Any CPU.Build.0 = Release|Any CPU
		{4B189522-7584-426C-8AEE-37BA21ADA5FA}.Debug|Any CPU.ActiveCfg = Debug|Any CPU
		{4B189522-7584-426C-8AEE-37BA21ADA5FA}.Debug|Any CPU.Build.0 = Debug|Any CPU
		{4B189522-7584-426C-8AEE-37BA21ADA5FA}.Release|Any CPU.ActiveCfg = Release|Any CPU
		{4B189522-7584-426C-8AEE-37BA21ADA5FA}.Release|Any CPU.Build.0 = Release|Any CPU
		{0F701462-0C03-492F-B054-C3FEB262AC7B}.Debug|Any CPU.ActiveCfg = Debug|Any CPU
		{0F701462-0C03-492F-B054-C3FEB262AC7B}.Debug|Any CPU.Build.0 = Debug|Any CPU
		{0F701462-0C03-492F-B054-C3FEB262AC7B}.Release|Any CPU.ActiveCfg = Release|Any CPU
		{0F701462-0C03-492F-B054-C3FEB262AC7B}.Release|Any CPU.Build.0 = Release|Any CPU
		{D1BA6964-61BE-4DAA-A36B-872B3AE59AE1}.Debug|Any CPU.ActiveCfg = Debug|Any CPU
		{D1BA6964-61BE-4DAA-A36B-872B3AE59AE1}.Debug|Any CPU.Build.0 = Debug|Any CPU
		{D1BA6964-61BE-4DAA-A36B-872B3AE59AE1}.Release|Any CPU.ActiveCfg = Release|Any CPU
		{D1BA6964-61BE-4DAA-A36B-872B3AE59AE1}.Release|Any CPU.Build.0 = Release|Any CPU
		{7536C66B-BB7A-476A-9391-66F6A8A29066}.Debug|Any CPU.ActiveCfg = Debug|Any CPU
		{7536C66B-BB7A-476A-9391-66F6A8A29066}.Debug|Any CPU.Build.0 = Debug|Any CPU
		{7536C66B-BB7A-476A-9391-66F6A8A29066}.Release|Any CPU.ActiveCfg = Release|Any CPU
		{7536C66B-BB7A-476A-9391-66F6A8A29066}.Release|Any CPU.Build.0 = Release|Any CPU
		{00C90CB3-FA50-4EBC-986B-9752A9730451}.Debug|Any CPU.ActiveCfg = Debug|Any CPU
		{00C90CB3-FA50-4EBC-986B-9752A9730451}.Debug|Any CPU.Build.0 = Debug|Any CPU
		{00C90CB3-FA50-4EBC-986B-9752A9730451}.Release|Any CPU.ActiveCfg = Release|Any CPU
		{00C90CB3-FA50-4EBC-986B-9752A9730451}.Release|Any CPU.Build.0 = Release|Any CPU
		{864F130C-7E99-416F-8E3F-693A47572EC4}.Debug|Any CPU.ActiveCfg = Debug|Any CPU
		{864F130C-7E99-416F-8E3F-693A47572EC4}.Debug|Any CPU.Build.0 = Debug|Any CPU
		{864F130C-7E99-416F-8E3F-693A47572EC4}.Release|Any CPU.ActiveCfg = Release|Any CPU
		{864F130C-7E99-416F-8E3F-693A47572EC4}.Release|Any CPU.Build.0 = Release|Any CPU
		{0F760F2F-ADB8-4BEC-8B2D-77174AD7A371}.Debug|Any CPU.ActiveCfg = Debug|Any CPU
		{0F760F2F-ADB8-4BEC-8B2D-77174AD7A371}.Debug|Any CPU.Build.0 = Debug|Any CPU
		{0F760F2F-ADB8-4BEC-8B2D-77174AD7A371}.Release|Any CPU.ActiveCfg = Release|Any CPU
		{0F760F2F-ADB8-4BEC-8B2D-77174AD7A371}.Release|Any CPU.Build.0 = Release|Any CPU
		{7A7B207E-C7E1-4243-87C3-FB1DA62283C7}.Debug|Any CPU.ActiveCfg = Debug|Any CPU
		{7A7B207E-C7E1-4243-87C3-FB1DA62283C7}.Debug|Any CPU.Build.0 = Debug|Any CPU
		{7A7B207E-C7E1-4243-87C3-FB1DA62283C7}.Release|Any CPU.ActiveCfg = Release|Any CPU
		{7A7B207E-C7E1-4243-87C3-FB1DA62283C7}.Release|Any CPU.Build.0 = Release|Any CPU
		{EC555A81-FC1B-4944-BB1B-CE20DBFE567E}.Debug|Any CPU.ActiveCfg = Debug|Any CPU
		{EC555A81-FC1B-4944-BB1B-CE20DBFE567E}.Debug|Any CPU.Build.0 = Debug|Any CPU
		{EC555A81-FC1B-4944-BB1B-CE20DBFE567E}.Release|Any CPU.ActiveCfg = Release|Any CPU
		{EC555A81-FC1B-4944-BB1B-CE20DBFE567E}.Release|Any CPU.Build.0 = Release|Any CPU
		{4F6C50F9-44A3-4386-A417-B59AB212EF31}.Debug|Any CPU.ActiveCfg = Debug|Any CPU
		{4F6C50F9-44A3-4386-A417-B59AB212EF31}.Debug|Any CPU.Build.0 = Debug|Any CPU
		{4F6C50F9-44A3-4386-A417-B59AB212EF31}.Release|Any CPU.ActiveCfg = Release|Any CPU
		{4F6C50F9-44A3-4386-A417-B59AB212EF31}.Release|Any CPU.Build.0 = Release|Any CPU
		{D5BE434C-3FF5-4CD1-B163-77BF0D7E123E}.Debug|Any CPU.ActiveCfg = Debug|Any CPU
		{D5BE434C-3FF5-4CD1-B163-77BF0D7E123E}.Debug|Any CPU.Build.0 = Debug|Any CPU
		{D5BE434C-3FF5-4CD1-B163-77BF0D7E123E}.Release|Any CPU.ActiveCfg = Release|Any CPU
		{D5BE434C-3FF5-4CD1-B163-77BF0D7E123E}.Release|Any CPU.Build.0 = Release|Any CPU
		{2C380B90-E427-4AD9-801A-F831F615BAD1}.Debug|Any CPU.ActiveCfg = Debug|Any CPU
		{2C380B90-E427-4AD9-801A-F831F615BAD1}.Debug|Any CPU.Build.0 = Debug|Any CPU
		{2C380B90-E427-4AD9-801A-F831F615BAD1}.Release|Any CPU.ActiveCfg = Release|Any CPU
		{2C380B90-E427-4AD9-801A-F831F615BAD1}.Release|Any CPU.Build.0 = Release|Any CPU
		{AC5EFF4A-5396-4C1A-A661-57D2F02DEE60}.Debug|Any CPU.ActiveCfg = Debug|Any CPU
		{AC5EFF4A-5396-4C1A-A661-57D2F02DEE60}.Debug|Any CPU.Build.0 = Debug|Any CPU
		{AC5EFF4A-5396-4C1A-A661-57D2F02DEE60}.Release|Any CPU.ActiveCfg = Release|Any CPU
		{AC5EFF4A-5396-4C1A-A661-57D2F02DEE60}.Release|Any CPU.Build.0 = Release|Any CPU
		{58A0CBB1-8174-487D-BA92-41C74666483C}.Debug|Any CPU.ActiveCfg = Debug|Any CPU
		{58A0CBB1-8174-487D-BA92-41C74666483C}.Debug|Any CPU.Build.0 = Debug|Any CPU
		{58A0CBB1-8174-487D-BA92-41C74666483C}.Release|Any CPU.ActiveCfg = Release|Any CPU
		{58A0CBB1-8174-487D-BA92-41C74666483C}.Release|Any CPU.Build.0 = Release|Any CPU
		{8B0B22DE-CDED-4E66-9888-8EACEDEEA084}.Debug|Any CPU.ActiveCfg = Debug|Any CPU
		{8B0B22DE-CDED-4E66-9888-8EACEDEEA084}.Debug|Any CPU.Build.0 = Debug|Any CPU
		{8B0B22DE-CDED-4E66-9888-8EACEDEEA084}.Release|Any CPU.ActiveCfg = Release|Any CPU
		{8B0B22DE-CDED-4E66-9888-8EACEDEEA084}.Release|Any CPU.Build.0 = Release|Any CPU
		{B8310A17-BAA0-441F-83F1-8CBBB8380C61}.Debug|Any CPU.ActiveCfg = Debug|Any CPU
		{B8310A17-BAA0-441F-83F1-8CBBB8380C61}.Debug|Any CPU.Build.0 = Debug|Any CPU
		{B8310A17-BAA0-441F-83F1-8CBBB8380C61}.Release|Any CPU.ActiveCfg = Release|Any CPU
		{B8310A17-BAA0-441F-83F1-8CBBB8380C61}.Release|Any CPU.Build.0 = Release|Any CPU
		{91B8B3FC-DAA7-4404-9F75-62349AE326EB}.Debug|Any CPU.ActiveCfg = Debug|Any CPU
		{91B8B3FC-DAA7-4404-9F75-62349AE326EB}.Debug|Any CPU.Build.0 = Debug|Any CPU
		{91B8B3FC-DAA7-4404-9F75-62349AE326EB}.Release|Any CPU.ActiveCfg = Release|Any CPU
		{91B8B3FC-DAA7-4404-9F75-62349AE326EB}.Release|Any CPU.Build.0 = Release|Any CPU
		{0C430B68-7F4A-47F5-BE8F-EA2A4EFA03E3}.Debug|Any CPU.ActiveCfg = Debug|Any CPU
		{0C430B68-7F4A-47F5-BE8F-EA2A4EFA03E3}.Debug|Any CPU.Build.0 = Debug|Any CPU
		{0C430B68-7F4A-47F5-BE8F-EA2A4EFA03E3}.Release|Any CPU.ActiveCfg = Release|Any CPU
		{0C430B68-7F4A-47F5-BE8F-EA2A4EFA03E3}.Release|Any CPU.Build.0 = Release|Any CPU
		{A572B762-3214-4B35-BEB9-6B86E2CC8F15}.Debug|Any CPU.ActiveCfg = Debug|Any CPU
		{A572B762-3214-4B35-BEB9-6B86E2CC8F15}.Debug|Any CPU.Build.0 = Debug|Any CPU
		{A572B762-3214-4B35-BEB9-6B86E2CC8F15}.Release|Any CPU.ActiveCfg = Release|Any CPU
		{A572B762-3214-4B35-BEB9-6B86E2CC8F15}.Release|Any CPU.Build.0 = Release|Any CPU
		{3A2350E9-8ADC-4FF4-B25D-361F3630C5FE}.Debug|Any CPU.ActiveCfg = Debug|Any CPU
		{3A2350E9-8ADC-4FF4-B25D-361F3630C5FE}.Debug|Any CPU.Build.0 = Debug|Any CPU
		{3A2350E9-8ADC-4FF4-B25D-361F3630C5FE}.Release|Any CPU.ActiveCfg = Release|Any CPU
		{3A2350E9-8ADC-4FF4-B25D-361F3630C5FE}.Release|Any CPU.Build.0 = Release|Any CPU
		{2D8FE9D6-3206-4F55-9A8D-DD259A251304}.Debug|Any CPU.ActiveCfg = Debug|Any CPU
		{2D8FE9D6-3206-4F55-9A8D-DD259A251304}.Debug|Any CPU.Build.0 = Debug|Any CPU
		{2D8FE9D6-3206-4F55-9A8D-DD259A251304}.Release|Any CPU.ActiveCfg = Release|Any CPU
		{2D8FE9D6-3206-4F55-9A8D-DD259A251304}.Release|Any CPU.Build.0 = Release|Any CPU
		{8899C4BA-1F6C-46D6-AC57-E01BA2475CA4}.Debug|Any CPU.ActiveCfg = Debug|Any CPU
		{8899C4BA-1F6C-46D6-AC57-E01BA2475CA4}.Debug|Any CPU.Build.0 = Debug|Any CPU
		{8899C4BA-1F6C-46D6-AC57-E01BA2475CA4}.Release|Any CPU.ActiveCfg = Release|Any CPU
		{8899C4BA-1F6C-46D6-AC57-E01BA2475CA4}.Release|Any CPU.Build.0 = Release|Any CPU
		{A01E6E44-5ECC-4B3B-BB19-18CC59426491}.Debug|Any CPU.ActiveCfg = Debug|Any CPU
		{A01E6E44-5ECC-4B3B-BB19-18CC59426491}.Debug|Any CPU.Build.0 = Debug|Any CPU
		{A01E6E44-5ECC-4B3B-BB19-18CC59426491}.Release|Any CPU.ActiveCfg = Release|Any CPU
		{A01E6E44-5ECC-4B3B-BB19-18CC59426491}.Release|Any CPU.Build.0 = Release|Any CPU
		{89928F2F-30BC-448F-A2F5-955B03C92D1E}.Debug|Any CPU.ActiveCfg = Debug|Any CPU
		{89928F2F-30BC-448F-A2F5-955B03C92D1E}.Debug|Any CPU.Build.0 = Debug|Any CPU
		{89928F2F-30BC-448F-A2F5-955B03C92D1E}.Release|Any CPU.ActiveCfg = Release|Any CPU
		{89928F2F-30BC-448F-A2F5-955B03C92D1E}.Release|Any CPU.Build.0 = Release|Any CPU
		{F109A370-B129-4372-BF40-765082801AF6}.Debug|Any CPU.ActiveCfg = Debug|Any CPU
		{F109A370-B129-4372-BF40-765082801AF6}.Debug|Any CPU.Build.0 = Debug|Any CPU
		{F109A370-B129-4372-BF40-765082801AF6}.Release|Any CPU.ActiveCfg = Release|Any CPU
		{F109A370-B129-4372-BF40-765082801AF6}.Release|Any CPU.Build.0 = Release|Any CPU
		{DE8A2CDA-C3A1-4967-80D3-3542EDA4ED33}.Debug|Any CPU.ActiveCfg = Debug|Any CPU
		{DE8A2CDA-C3A1-4967-80D3-3542EDA4ED33}.Debug|Any CPU.Build.0 = Debug|Any CPU
		{DE8A2CDA-C3A1-4967-80D3-3542EDA4ED33}.Release|Any CPU.ActiveCfg = Release|Any CPU
		{DE8A2CDA-C3A1-4967-80D3-3542EDA4ED33}.Release|Any CPU.Build.0 = Release|Any CPU
		{B96C2CE0-3423-41DF-BD78-606480D72AE8}.Debug|Any CPU.ActiveCfg = Debug|Any CPU
		{B96C2CE0-3423-41DF-BD78-606480D72AE8}.Debug|Any CPU.Build.0 = Debug|Any CPU
		{B96C2CE0-3423-41DF-BD78-606480D72AE8}.Release|Any CPU.ActiveCfg = Release|Any CPU
		{B96C2CE0-3423-41DF-BD78-606480D72AE8}.Release|Any CPU.Build.0 = Release|Any CPU
		{F323E4C8-7640-45E9-8057-40729943740F}.Debug|Any CPU.ActiveCfg = Debug|Any CPU
		{F323E4C8-7640-45E9-8057-40729943740F}.Debug|Any CPU.Build.0 = Debug|Any CPU
		{F323E4C8-7640-45E9-8057-40729943740F}.Release|Any CPU.ActiveCfg = Release|Any CPU
		{F323E4C8-7640-45E9-8057-40729943740F}.Release|Any CPU.Build.0 = Release|Any CPU
		{624F750E-F77D-41BE-A958-85D966F8C170}.Debug|Any CPU.ActiveCfg = Debug|Any CPU
		{624F750E-F77D-41BE-A958-85D966F8C170}.Debug|Any CPU.Build.0 = Debug|Any CPU
		{624F750E-F77D-41BE-A958-85D966F8C170}.Release|Any CPU.ActiveCfg = Release|Any CPU
		{624F750E-F77D-41BE-A958-85D966F8C170}.Release|Any CPU.Build.0 = Release|Any CPU
		{57F01B7D-9FAD-411C-B477-16CB98D07DFA}.Debug|Any CPU.ActiveCfg = Debug|Any CPU
		{57F01B7D-9FAD-411C-B477-16CB98D07DFA}.Debug|Any CPU.Build.0 = Debug|Any CPU
		{57F01B7D-9FAD-411C-B477-16CB98D07DFA}.Release|Any CPU.ActiveCfg = Release|Any CPU
		{57F01B7D-9FAD-411C-B477-16CB98D07DFA}.Release|Any CPU.Build.0 = Release|Any CPU
		{BCCFE1B8-2DF7-4EA3-9932-B3311E542E6E}.Debug|Any CPU.ActiveCfg = Debug|Any CPU
		{BCCFE1B8-2DF7-4EA3-9932-B3311E542E6E}.Debug|Any CPU.Build.0 = Debug|Any CPU
		{BCCFE1B8-2DF7-4EA3-9932-B3311E542E6E}.Release|Any CPU.ActiveCfg = Release|Any CPU
		{BCCFE1B8-2DF7-4EA3-9932-B3311E542E6E}.Release|Any CPU.Build.0 = Release|Any CPU
		{65C4508F-D34A-4BF9-BC91-38D05112559D}.Debug|Any CPU.ActiveCfg = Debug|Any CPU
		{65C4508F-D34A-4BF9-BC91-38D05112559D}.Debug|Any CPU.Build.0 = Debug|Any CPU
		{65C4508F-D34A-4BF9-BC91-38D05112559D}.Release|Any CPU.ActiveCfg = Release|Any CPU
		{65C4508F-D34A-4BF9-BC91-38D05112559D}.Release|Any CPU.Build.0 = Release|Any CPU
		{7C399801-26CB-4279-8B40-C8606D5B4004}.Debug|Any CPU.ActiveCfg = Debug|Any CPU
		{7C399801-26CB-4279-8B40-C8606D5B4004}.Debug|Any CPU.Build.0 = Debug|Any CPU
		{7C399801-26CB-4279-8B40-C8606D5B4004}.Release|Any CPU.ActiveCfg = Release|Any CPU
		{7C399801-26CB-4279-8B40-C8606D5B4004}.Release|Any CPU.Build.0 = Release|Any CPU
		{C14FB793-4188-445A-8A44-5DFBAD8F0326}.Debug|Any CPU.ActiveCfg = Debug|Any CPU
		{C14FB793-4188-445A-8A44-5DFBAD8F0326}.Debug|Any CPU.Build.0 = Debug|Any CPU
		{C14FB793-4188-445A-8A44-5DFBAD8F0326}.Release|Any CPU.ActiveCfg = Release|Any CPU
		{C14FB793-4188-445A-8A44-5DFBAD8F0326}.Release|Any CPU.Build.0 = Release|Any CPU
		{07562E6B-5A31-47CB-B9D8-FEB0BCF421B9}.Debug|Any CPU.ActiveCfg = Debug|Any CPU
		{07562E6B-5A31-47CB-B9D8-FEB0BCF421B9}.Debug|Any CPU.Build.0 = Debug|Any CPU
		{07562E6B-5A31-47CB-B9D8-FEB0BCF421B9}.Release|Any CPU.ActiveCfg = Release|Any CPU
		{07562E6B-5A31-47CB-B9D8-FEB0BCF421B9}.Release|Any CPU.Build.0 = Release|Any CPU
		{C43EF223-D7DE-439B-A4F9-25C4B562E5C7}.Debug|Any CPU.ActiveCfg = Debug|Any CPU
		{C43EF223-D7DE-439B-A4F9-25C4B562E5C7}.Debug|Any CPU.Build.0 = Debug|Any CPU
		{C43EF223-D7DE-439B-A4F9-25C4B562E5C7}.Release|Any CPU.ActiveCfg = Release|Any CPU
		{C43EF223-D7DE-439B-A4F9-25C4B562E5C7}.Release|Any CPU.Build.0 = Release|Any CPU
		{E8569C60-AE8B-400F-A72A-C3A4CF4D920C}.Debug|Any CPU.ActiveCfg = Debug|Any CPU
		{E8569C60-AE8B-400F-A72A-C3A4CF4D920C}.Debug|Any CPU.Build.0 = Debug|Any CPU
		{E8569C60-AE8B-400F-A72A-C3A4CF4D920C}.Release|Any CPU.ActiveCfg = Release|Any CPU
		{E8569C60-AE8B-400F-A72A-C3A4CF4D920C}.Release|Any CPU.Build.0 = Release|Any CPU
	EndGlobalSection
	GlobalSection(SolutionProperties) = preSolution
		HideSolutionNode = FALSE
	EndGlobalSection
	GlobalSection(NestedProjects) = preSolution
		{E33DE467-1233-49F4-B78F-EF5EE133B68C} = {29625ECA-EB5B-4BBB-B5A6-4E8072741304}
		{D36239DA-D54F-433F-AF0C-04EAC7BB92AB} = {29625ECA-EB5B-4BBB-B5A6-4E8072741304}
		{6C86F819-D82A-4F64-8F9B-6F2FD4F80213} = {29625ECA-EB5B-4BBB-B5A6-4E8072741304}
		{E069C8FC-9E29-420D-B5FF-0A9528BD2602} = {29625ECA-EB5B-4BBB-B5A6-4E8072741304}
		{80BDC34E-1644-42A5-900B-46FD0FF0B3B9} = {29625ECA-EB5B-4BBB-B5A6-4E8072741304}
		{9EEDBD71-6E62-4BC3-8BA6-908C1C281E9B} = {29625ECA-EB5B-4BBB-B5A6-4E8072741304}
		{7CF1F1B7-F96F-40DB-9F18-C3F00C44320E} = {29625ECA-EB5B-4BBB-B5A6-4E8072741304}
		{A2BA2BCB-C184-4557-A44F-D72F0E8AB3AC} = {29625ECA-EB5B-4BBB-B5A6-4E8072741304}
		{18A2BB99-D123-4A38-959F-B2208271B0ED} = {29625ECA-EB5B-4BBB-B5A6-4E8072741304}
		{A548C42E-05A1-40B6-BE99-CD8E5770A693} = {29625ECA-EB5B-4BBB-B5A6-4E8072741304}
		{EB90D0A7-96A4-42D5-88E9-97B757C0EEA9} = {29625ECA-EB5B-4BBB-B5A6-4E8072741304}
		{DD8446D4-167B-4906-8E82-2CC9457C555D} = {29625ECA-EB5B-4BBB-B5A6-4E8072741304}
		{CEE449A6-B737-409D-A52F-6101F7670DF8} = {29625ECA-EB5B-4BBB-B5A6-4E8072741304}
		{BE9388B3-9AEF-4C80-A38B-A40087CCCDD4} = {D46FC20C-F416-4214-9673-48A8C9ABE537}
		{4B189522-7584-426C-8AEE-37BA21ADA5FA} = {D46FC20C-F416-4214-9673-48A8C9ABE537}
		{0F701462-0C03-492F-B054-C3FEB262AC7B} = {D46FC20C-F416-4214-9673-48A8C9ABE537}
		{D1BA6964-61BE-4DAA-A36B-872B3AE59AE1} = {01171B73-6B3F-4CF4-B652-AE797C481EC5}
		{7536C66B-BB7A-476A-9391-66F6A8A29066} = {D46FC20C-F416-4214-9673-48A8C9ABE537}
		{00C90CB3-FA50-4EBC-986B-9752A9730451} = {D46FC20C-F416-4214-9673-48A8C9ABE537}
		{864F130C-7E99-416F-8E3F-693A47572EC4} = {D46FC20C-F416-4214-9673-48A8C9ABE537}
		{0F760F2F-ADB8-4BEC-8B2D-77174AD7A371} = {D46FC20C-F416-4214-9673-48A8C9ABE537}
		{7A7B207E-C7E1-4243-87C3-FB1DA62283C7} = {D46FC20C-F416-4214-9673-48A8C9ABE537}
		{EC555A81-FC1B-4944-BB1B-CE20DBFE567E} = {D46FC20C-F416-4214-9673-48A8C9ABE537}
		{4F6C50F9-44A3-4386-A417-B59AB212EF31} = {D46FC20C-F416-4214-9673-48A8C9ABE537}
		{D5BE434C-3FF5-4CD1-B163-77BF0D7E123E} = {66EA4BE3-5957-4786-8CF7-5D82C472A0C5}
		{2C380B90-E427-4AD9-801A-F831F615BAD1} = {2F6B450F-3316-44FE-A756-E65471E13F9D}
		{AC5EFF4A-5396-4C1A-A661-57D2F02DEE60} = {704DD1D4-238C-432B-9661-65DAF3CB1BD4}
		{58A0CBB1-8174-487D-BA92-41C74666483C} = {704DD1D4-238C-432B-9661-65DAF3CB1BD4}
		{8B0B22DE-CDED-4E66-9888-8EACEDEEA084} = {2F6B450F-3316-44FE-A756-E65471E13F9D}
		{B8310A17-BAA0-441F-83F1-8CBBB8380C61} = {2F6B450F-3316-44FE-A756-E65471E13F9D}
		{91B8B3FC-DAA7-4404-9F75-62349AE326EB} = {2F6B450F-3316-44FE-A756-E65471E13F9D}
		{0C430B68-7F4A-47F5-BE8F-EA2A4EFA03E3} = {2F6B450F-3316-44FE-A756-E65471E13F9D}
		{A572B762-3214-4B35-BEB9-6B86E2CC8F15} = {2F6B450F-3316-44FE-A756-E65471E13F9D}
		{3A2350E9-8ADC-4FF4-B25D-361F3630C5FE} = {2F6B450F-3316-44FE-A756-E65471E13F9D}
		{2D8FE9D6-3206-4F55-9A8D-DD259A251304} = {704DD1D4-238C-432B-9661-65DAF3CB1BD4}
		{8899C4BA-1F6C-46D6-AC57-E01BA2475CA4} = {704DD1D4-238C-432B-9661-65DAF3CB1BD4}
		{A01E6E44-5ECC-4B3B-BB19-18CC59426491} = {704DD1D4-238C-432B-9661-65DAF3CB1BD4}
		{89928F2F-30BC-448F-A2F5-955B03C92D1E} = {704DD1D4-238C-432B-9661-65DAF3CB1BD4}
		{F109A370-B129-4372-BF40-765082801AF6} = {704DD1D4-238C-432B-9661-65DAF3CB1BD4}
		{DE8A2CDA-C3A1-4967-80D3-3542EDA4ED33} = {704DD1D4-238C-432B-9661-65DAF3CB1BD4}
		{B96C2CE0-3423-41DF-BD78-606480D72AE8} = {66EA4BE3-5957-4786-8CF7-5D82C472A0C5}
		{F323E4C8-7640-45E9-8057-40729943740F} = {66EA4BE3-5957-4786-8CF7-5D82C472A0C5}
		{624F750E-F77D-41BE-A958-85D966F8C170} = {66EA4BE3-5957-4786-8CF7-5D82C472A0C5}
		{57F01B7D-9FAD-411C-B477-16CB98D07DFA} = {66EA4BE3-5957-4786-8CF7-5D82C472A0C5}
		{BCCFE1B8-2DF7-4EA3-9932-B3311E542E6E} = {C946561E-07BC-499D-BD98-434567F947C3}
		{65C4508F-D34A-4BF9-BC91-38D05112559D} = {C946561E-07BC-499D-BD98-434567F947C3}
		{7C399801-26CB-4279-8B40-C8606D5B4004} = {C946561E-07BC-499D-BD98-434567F947C3}
		{C14FB793-4188-445A-8A44-5DFBAD8F0326} = {3841DFBF-61C8-4A9D-B610-9F1321ACDF71}
		{07562E6B-5A31-47CB-B9D8-FEB0BCF421B9} = {C946561E-07BC-499D-BD98-434567F947C3}
		{C43EF223-D7DE-439B-A4F9-25C4B562E5C7} = {C946561E-07BC-499D-BD98-434567F947C3}
		{E8569C60-AE8B-400F-A72A-C3A4CF4D920C} = {3841DFBF-61C8-4A9D-B610-9F1321ACDF71}
	EndGlobalSection
	GlobalSection(ExtensibilityGlobals) = postSolution
		SolutionGuid = {6C6A3BB8-96AC-4BBE-9E5C-EB732DEA2209}
	EndGlobalSection
EndGlobal
