
Microsoft Visual Studio Solution File, Format Version 12.00
# Visual Studio Version 16
VisualStudioVersion = 16.0.30717.126
MinimumVisualStudioVersion = 10.0.40219.1
Project("{9A19103F-16F7-4668-BE54-9A1E7A4F7556}") = "7.1.1. Zbroj", "..\7.1.1. Zbroj\7.1.1. Zbroj.csproj", "{E33DE467-1233-49F4-B78F-EF5EE133B68C}"
EndProject
Project("{9A19103F-16F7-4668-BE54-9A1E7A4F7556}") = "7.1.2 Hipotenuza", "7.1.2 Hipotenuza\7.1.2 Hipotenuza.csproj", "{D36239DA-D54F-433F-AF0C-04EAC7BB92AB}"
EndProject
Project("{9A19103F-16F7-4668-BE54-9A1E7A4F7556}") = "7.2.1 Krug", "..\7.2.1 Krug\7.2.1 Krug.csproj", "{6C86F819-D82A-4F64-8F9B-6F2FD4F80213}"
EndProject
Project("{9A19103F-16F7-4668-BE54-9A1E7A4F7556}") = "7.2.2 Jednakokračan trokut", "7.2.2 Jednakokračan trokut\7.2.2 Jednakokračan trokut.csproj", "{E069C8FC-9E29-420D-B5FF-0A9528BD2602}"
EndProject
Project("{9A19103F-16F7-4668-BE54-9A1E7A4F7556}") = "7.2.3 KS u KW", "7.2.3 KS u KW\7.2.3 KS u KW.csproj", "{80BDC34E-1644-42A5-900B-46FD0FF0B3B9}"
EndProject
Project("{9A19103F-16F7-4668-BE54-9A1E7A4F7556}") = "7.2.4 Celzij u Fahrenheit", "7.2.4 Celzij u Fahrenheit\7.2.4 Celzij u Fahrenheit.csproj", "{9EEDBD71-6E62-4BC3-8BA6-908C1C281E9B}"
EndProject
Project("{9A19103F-16F7-4668-BE54-9A1E7A4F7556}") = "7.2.5 Udaljenost", "7.2.5 Udaljenost\7.2.5 Udaljenost.csproj", "{7CF1F1B7-F96F-40DB-9F18-C3F00C44320E}"
EndProject
Project("{9A19103F-16F7-4668-BE54-9A1E7A4F7556}") = "7.2.6 Prost broj", "7.2.6 Prost broj\7.2.6 Prost broj.csproj", "{A2BA2BCB-C184-4557-A44F-D72F0E8AB3AC}"
EndProject
Project("{9A19103F-16F7-4668-BE54-9A1E7A4F7556}") = "7.2.8 Faktorijel", "7.2.8 Faktorijel\7.2.8 Faktorijel.csproj", "{18A2BB99-D123-4A38-959F-B2208271B0ED}"
EndProject
Project("{9A19103F-16F7-4668-BE54-9A1E7A4F7556}") = "7.2.9 Prosjek", "7.2.9 Prosjek\7.2.9 Prosjek.csproj", "{A548C42E-05A1-40B6-BE99-CD8E5770A693}"
EndProject
Project("{9A19103F-16F7-4668-BE54-9A1E7A4F7556}") = "7.2.10 Ukupna cijena", "7.2.10 Ukupna cijena\7.2.10 Ukupna cijena.csproj", "{EB90D0A7-96A4-42D5-88E9-97B757C0EEA9}"
EndProject
Project("{9A19103F-16F7-4668-BE54-9A1E7A4F7556}") = "7.2.10.1 Ukupna cijena", "7.2.10.1 Ukupna cijena\7.2.10.1 Ukupna cijena.csproj", "{DD8446D4-167B-4906-8E82-2CC9457C555D}"
EndProject
Project("{9A19103F-16F7-4668-BE54-9A1E7A4F7556}") = "7.2.11 Parni i neparni", "7.2.11 Parni i neparni\7.2.11 Parni i neparni.csproj", "{CEE449A6-B737-409D-A52F-6101F7670DF8}"
EndProject
Project("{9A19103F-16F7-4668-BE54-9A1E7A4F7556}") = "8.1.1 Proizvod", "8.1.1 Proizvod\8.1.1 Proizvod.csproj", "{BE9388B3-9AEF-4C80-A38B-A40087CCCDD4}"
EndProject
Project("{9A19103F-16F7-4668-BE54-9A1E7A4F7556}") = "8.1.2 Automobil", "8.1.2 Automobil\8.1.2 Automobil.csproj", "{4B189522-7584-426C-8AEE-37BA21ADA5FA}"
EndProject
Project("{9A19103F-16F7-4668-BE54-9A1E7A4F7556}") = "8.1.3 Zaposlenik", "8.1.3 Zaposlenik\8.1.3 Zaposlenik.csproj", "{0F701462-0C03-492F-B054-C3FEB262AC7B}"
EndProject
Project("{9A19103F-16F7-4668-BE54-9A1E7A4F7556}") = "Zadatak_2_Kolac", "Zadatak_2_Kolac\Zadatak_2_Kolac.csproj", "{D1BA6964-61BE-4DAA-A36B-872B3AE59AE1}"
EndProject
Project("{9A19103F-16F7-4668-BE54-9A1E7A4F7556}") = "8.2.1 Static", "8.2.1 Static\8.2.1 Static.csproj", "{7536C66B-BB7A-476A-9391-66F6A8A29066}"
EndProject
Project("{9A19103F-16F7-4668-BE54-9A1E7A4F7556}") = "8.2.2 Static i instanca", "8.2.2 Static i instanca\8.2.2 Static i instanca.csproj", "{00C90CB3-FA50-4EBC-986B-9752A9730451}"
EndProject
Project("{9A19103F-16F7-4668-BE54-9A1E7A4F7556}") = "8.3.1 Vozila", "8.3.1 Vozila\8.3.1 Vozila.csproj", "{864F130C-7E99-416F-8E3F-693A47572EC4}"
EndProject
Project("{9A19103F-16F7-4668-BE54-9A1E7A4F7556}") = "Primjer 8.3.1 Naljedjivanje", "..\..\..\..\Radna površina\C# Projects\HelloWorld\Primjer 8.3.1 Naljedjivanje\Primjer 8.3.1 Naljedjivanje.csproj", "{0F760F2F-ADB8-4BEC-8B2D-77174AD7A371}"
EndProject
Project("{9A19103F-16F7-4668-BE54-9A1E7A4F7556}") = "Primjer 8.5.1 Dogadjaji", "Primjer 8.5.1 Dogadjaji\Primjer 8.5.1 Dogadjaji.csproj", "{7A7B207E-C7E1-4243-87C3-FB1DA62283C7}"
EndProject
Project("{9A19103F-16F7-4668-BE54-9A1E7A4F7556}") = "8.3.2 Proizvod (Događaji)", "8.3.2 Proizvod (Događaji)\8.3.2 Proizvod (Događaji).csproj", "{EC555A81-FC1B-4944-BB1B-CE20DBFE567E}"
EndProject
Project("{9A19103F-16F7-4668-BE54-9A1E7A4F7556}") = "8.(1) Događaj osoba", "8.(1) Događaj osoba\8.(1) Događaj osoba.csproj", "{4F6C50F9-44A3-4386-A417-B59AB212EF31}"
EndProject
Global
	GlobalSection(SolutionConfigurationPlatforms) = preSolution
		Debug|Any CPU = Debug|Any CPU
		Release|Any CPU = Release|Any CPU
	EndGlobalSection
	GlobalSection(ProjectConfigurationPlatforms) = postSolution
		{E33DE467-1233-49F4-B78F-EF5EE133B68C}.Debug|Any CPU.ActiveCfg = Debug|Any CPU
		{E33DE467-1233-49F4-B78F-EF5EE133B68C}.Debug|Any CPU.Build.0 = Debug|Any CPU
		{E33DE467-1233-49F4-B78F-EF5EE133B68C}.Release|Any CPU.ActiveCfg = Release|Any CPU
		{E33DE467-1233-49F4-B78F-EF5EE133B68C}.Release|Any CPU.Build.0 = Release|Any CPU
		{D36239DA-D54F-433F-AF0C-04EAC7BB92AB}.Debug|Any CPU.ActiveCfg = Debug|Any CPU
		{D36239DA-D54F-433F-AF0C-04EAC7BB92AB}.Debug|Any CPU.Build.0 = Debug|Any CPU
		{D36239DA-D54F-433F-AF0C-04EAC7BB92AB}.Release|Any CPU.ActiveCfg = Release|Any CPU
		{D36239DA-D54F-433F-AF0C-04EAC7BB92AB}.Release|Any CPU.Build.0 = Release|Any CPU
		{6C86F819-D82A-4F64-8F9B-6F2FD4F80213}.Debug|Any CPU.ActiveCfg = Debug|Any CPU
		{6C86F819-D82A-4F64-8F9B-6F2FD4F80213}.Debug|Any CPU.Build.0 = Debug|Any CPU
		{6C86F819-D82A-4F64-8F9B-6F2FD4F80213}.Release|Any CPU.ActiveCfg = Release|Any CPU
		{6C86F819-D82A-4F64-8F9B-6F2FD4F80213}.Release|Any CPU.Build.0 = Release|Any CPU
		{E069C8FC-9E29-420D-B5FF-0A9528BD2602}.Debug|Any CPU.ActiveCfg = Debug|Any CPU
		{E069C8FC-9E29-420D-B5FF-0A9528BD2602}.Debug|Any CPU.Build.0 = Debug|Any CPU
		{E069C8FC-9E29-420D-B5FF-0A9528BD2602}.Release|Any CPU.ActiveCfg = Release|Any CPU
		{E069C8FC-9E29-420D-B5FF-0A9528BD2602}.Release|Any CPU.Build.0 = Release|Any CPU
		{80BDC34E-1644-42A5-900B-46FD0FF0B3B9}.Debug|Any CPU.ActiveCfg = Debug|Any CPU
		{80BDC34E-1644-42A5-900B-46FD0FF0B3B9}.Debug|Any CPU.Build.0 = Debug|Any CPU
		{80BDC34E-1644-42A5-900B-46FD0FF0B3B9}.Release|Any CPU.ActiveCfg = Release|Any CPU
		{80BDC34E-1644-42A5-900B-46FD0FF0B3B9}.Release|Any CPU.Build.0 = Release|Any CPU
		{9EEDBD71-6E62-4BC3-8BA6-908C1C281E9B}.Debug|Any CPU.ActiveCfg = Debug|Any CPU
		{9EEDBD71-6E62-4BC3-8BA6-908C1C281E9B}.Debug|Any CPU.Build.0 = Debug|Any CPU
		{9EEDBD71-6E62-4BC3-8BA6-908C1C281E9B}.Release|Any CPU.ActiveCfg = Release|Any CPU
		{9EEDBD71-6E62-4BC3-8BA6-908C1C281E9B}.Release|Any CPU.Build.0 = Release|Any CPU
		{7CF1F1B7-F96F-40DB-9F18-C3F00C44320E}.Debug|Any CPU.ActiveCfg = Debug|Any CPU
		{7CF1F1B7-F96F-40DB-9F18-C3F00C44320E}.Debug|Any CPU.Build.0 = Debug|Any CPU
		{7CF1F1B7-F96F-40DB-9F18-C3F00C44320E}.Release|Any CPU.ActiveCfg = Release|Any CPU
		{7CF1F1B7-F96F-40DB-9F18-C3F00C44320E}.Release|Any CPU.Build.0 = Release|Any CPU
		{A2BA2BCB-C184-4557-A44F-D72F0E8AB3AC}.Debug|Any CPU.ActiveCfg = Debug|Any CPU
		{A2BA2BCB-C184-4557-A44F-D72F0E8AB3AC}.Debug|Any CPU.Build.0 = Debug|Any CPU
		{A2BA2BCB-C184-4557-A44F-D72F0E8AB3AC}.Release|Any CPU.ActiveCfg = Release|Any CPU
		{A2BA2BCB-C184-4557-A44F-D72F0E8AB3AC}.Release|Any CPU.Build.0 = Release|Any CPU
		{18A2BB99-D123-4A38-959F-B2208271B0ED}.Debug|Any CPU.ActiveCfg = Debug|Any CPU
		{18A2BB99-D123-4A38-959F-B2208271B0ED}.Debug|Any CPU.Build.0 = Debug|Any CPU
		{18A2BB99-D123-4A38-959F-B2208271B0ED}.Release|Any CPU.ActiveCfg = Release|Any CPU
		{18A2BB99-D123-4A38-959F-B2208271B0ED}.Release|Any CPU.Build.0 = Release|Any CPU
		{A548C42E-05A1-40B6-BE99-CD8E5770A693}.Debug|Any CPU.ActiveCfg = Debug|Any CPU
		{A548C42E-05A1-40B6-BE99-CD8E5770A693}.Debug|Any CPU.Build.0 = Debug|Any CPU
		{A548C42E-05A1-40B6-BE99-CD8E5770A693}.Release|Any CPU.ActiveCfg = Release|Any CPU
		{A548C42E-05A1-40B6-BE99-CD8E5770A693}.Release|Any CPU.Build.0 = Release|Any CPU
		{EB90D0A7-96A4-42D5-88E9-97B757C0EEA9}.Debug|Any CPU.ActiveCfg = Debug|Any CPU
		{EB90D0A7-96A4-42D5-88E9-97B757C0EEA9}.Debug|Any CPU.Build.0 = Debug|Any CPU
		{EB90D0A7-96A4-42D5-88E9-97B757C0EEA9}.Release|Any CPU.ActiveCfg = Release|Any CPU
		{EB90D0A7-96A4-42D5-88E9-97B757C0EEA9}.Release|Any CPU.Build.0 = Release|Any CPU
		{DD8446D4-167B-4906-8E82-2CC9457C555D}.Debug|Any CPU.ActiveCfg = Debug|Any CPU
		{DD8446D4-167B-4906-8E82-2CC9457C555D}.Debug|Any CPU.Build.0 = Debug|Any CPU
		{DD8446D4-167B-4906-8E82-2CC9457C555D}.Release|Any CPU.ActiveCfg = Release|Any CPU
		{DD8446D4-167B-4906-8E82-2CC9457C555D}.Release|Any CPU.Build.0 = Release|Any CPU
		{CEE449A6-B737-409D-A52F-6101F7670DF8}.Debug|Any CPU.ActiveCfg = Debug|Any CPU
		{CEE449A6-B737-409D-A52F-6101F7670DF8}.Debug|Any CPU.Build.0 = Debug|Any CPU
		{CEE449A6-B737-409D-A52F-6101F7670DF8}.Release|Any CPU.ActiveCfg = Release|Any CPU
		{CEE449A6-B737-409D-A52F-6101F7670DF8}.Release|Any CPU.Build.0 = Release|Any CPU
		{BE9388B3-9AEF-4C80-A38B-A40087CCCDD4}.Debug|Any CPU.ActiveCfg = Debug|Any CPU
		{BE9388B3-9AEF-4C80-A38B-A40087CCCDD4}.Debug|Any CPU.Build.0 = Debug|Any CPU
		{BE9388B3-9AEF-4C80-A38B-A40087CCCDD4}.Release|Any CPU.ActiveCfg = Release|Any CPU
		{BE9388B3-9AEF-4C80-A38B-A40087CCCDD4}.Release|Any CPU.Build.0 = Release|Any CPU
		{4B189522-7584-426C-8AEE-37BA21ADA5FA}.Debug|Any CPU.ActiveCfg = Debug|Any CPU
		{4B189522-7584-426C-8AEE-37BA21ADA5FA}.Debug|Any CPU.Build.0 = Debug|Any CPU
		{4B189522-7584-426C-8AEE-37BA21ADA5FA}.Release|Any CPU.ActiveCfg = Release|Any CPU
		{4B189522-7584-426C-8AEE-37BA21ADA5FA}.Release|Any CPU.Build.0 = Release|Any CPU
		{0F701462-0C03-492F-B054-C3FEB262AC7B}.Debug|Any CPU.ActiveCfg = Debug|Any CPU
		{0F701462-0C03-492F-B054-C3FEB262AC7B}.Debug|Any CPU.Build.0 = Debug|Any CPU
		{0F701462-0C03-492F-B054-C3FEB262AC7B}.Release|Any CPU.ActiveCfg = Release|Any CPU
		{0F701462-0C03-492F-B054-C3FEB262AC7B}.Release|Any CPU.Build.0 = Release|Any CPU
		{D1BA6964-61BE-4DAA-A36B-872B3AE59AE1}.Debug|Any CPU.ActiveCfg = Debug|Any CPU
		{D1BA6964-61BE-4DAA-A36B-872B3AE59AE1}.Debug|Any CPU.Build.0 = Debug|Any CPU
		{D1BA6964-61BE-4DAA-A36B-872B3AE59AE1}.Release|Any CPU.ActiveCfg = Release|Any CPU
		{D1BA6964-61BE-4DAA-A36B-872B3AE59AE1}.Release|Any CPU.Build.0 = Release|Any CPU
		{7536C66B-BB7A-476A-9391-66F6A8A29066}.Debug|Any CPU.ActiveCfg = Debug|Any CPU
		{7536C66B-BB7A-476A-9391-66F6A8A29066}.Debug|Any CPU.Build.0 = Debug|Any CPU
		{7536C66B-BB7A-476A-9391-66F6A8A29066}.Release|Any CPU.ActiveCfg = Release|Any CPU
		{7536C66B-BB7A-476A-9391-66F6A8A29066}.Release|Any CPU.Build.0 = Release|Any CPU
		{00C90CB3-FA50-4EBC-986B-9752A9730451}.Debug|Any CPU.ActiveCfg = Debug|Any CPU
		{00C90CB3-FA50-4EBC-986B-9752A9730451}.Debug|Any CPU.Build.0 = Debug|Any CPU
		{00C90CB3-FA50-4EBC-986B-9752A9730451}.Release|Any CPU.ActiveCfg = Release|Any CPU
		{00C90CB3-FA50-4EBC-986B-9752A9730451}.Release|Any CPU.Build.0 = Release|Any CPU
		{864F130C-7E99-416F-8E3F-693A47572EC4}.Debug|Any CPU.ActiveCfg = Debug|Any CPU
		{864F130C-7E99-416F-8E3F-693A47572EC4}.Debug|Any CPU.Build.0 = Debug|Any CPU
		{864F130C-7E99-416F-8E3F-693A47572EC4}.Release|Any CPU.ActiveCfg = Release|Any CPU
		{864F130C-7E99-416F-8E3F-693A47572EC4}.Release|Any CPU.Build.0 = Release|Any CPU
		{0F760F2F-ADB8-4BEC-8B2D-77174AD7A371}.Debug|Any CPU.ActiveCfg = Debug|Any CPU
		{0F760F2F-ADB8-4BEC-8B2D-77174AD7A371}.Debug|Any CPU.Build.0 = Debug|Any CPU
		{0F760F2F-ADB8-4BEC-8B2D-77174AD7A371}.Release|Any CPU.ActiveCfg = Release|Any CPU
		{0F760F2F-ADB8-4BEC-8B2D-77174AD7A371}.Release|Any CPU.Build.0 = Release|Any CPU
		{7A7B207E-C7E1-4243-87C3-FB1DA62283C7}.Debug|Any CPU.ActiveCfg = Debug|Any CPU
		{7A7B207E-C7E1-4243-87C3-FB1DA62283C7}.Debug|Any CPU.Build.0 = Debug|Any CPU
		{7A7B207E-C7E1-4243-87C3-FB1DA62283C7}.Release|Any CPU.ActiveCfg = Release|Any CPU
		{7A7B207E-C7E1-4243-87C3-FB1DA62283C7}.Release|Any CPU.Build.0 = Release|Any CPU
		{EC555A81-FC1B-4944-BB1B-CE20DBFE567E}.Debug|Any CPU.ActiveCfg = Debug|Any CPU
		{EC555A81-FC1B-4944-BB1B-CE20DBFE567E}.Debug|Any CPU.Build.0 = Debug|Any CPU
		{EC555A81-FC1B-4944-BB1B-CE20DBFE567E}.Release|Any CPU.ActiveCfg = Release|Any CPU
		{EC555A81-FC1B-4944-BB1B-CE20DBFE567E}.Release|Any CPU.Build.0 = Release|Any CPU
		{4F6C50F9-44A3-4386-A417-B59AB212EF31}.Debug|Any CPU.ActiveCfg = Debug|Any CPU
		{4F6C50F9-44A3-4386-A417-B59AB212EF31}.Debug|Any CPU.Build.0 = Debug|Any CPU
		{4F6C50F9-44A3-4386-A417-B59AB212EF31}.Release|Any CPU.ActiveCfg = Release|Any CPU
		{4F6C50F9-44A3-4386-A417-B59AB212EF31}.Release|Any CPU.Build.0 = Release|Any CPU
	EndGlobalSection
	GlobalSection(SolutionProperties) = preSolution
		HideSolutionNode = FALSE
	EndGlobalSection
	GlobalSection(ExtensibilityGlobals) = postSolution
		SolutionGuid = {6C6A3BB8-96AC-4BBE-9E5C-EB732DEA2209}
	EndGlobalSection
EndGlobal
